
Microsoft Visual Studio Solution File, Format Version 12.00
# Visual Studio Version 16
VisualStudioVersion = 16.0.31205.134
MinimumVisualStudioVersion = 10.0.40219.1
Project("{FAE04EC0-301F-11D3-BF4B-00C04F79EFBC}") = "Bin2Dec", "Bin2Dec\Bin2Dec.csproj", "{50136A8E-AD9E-4667-84B2-180678E2509A}"
EndProject
Global
	GlobalSection(SolutionConfigurationPlatforms) = preSolution
		Debug|Any CPU = Debug|Any CPU
		Release|Any CPU = Release|Any CPU
	EndGlobalSection
	GlobalSection(ProjectConfigurationPlatforms) = postSolution
		{50136A8E-AD9E-4667-84B2-180678E2509A}.Debug|Any CPU.ActiveCfg = Debug|Any CPU
		{50136A8E-AD9E-4667-84B2-180678E2509A}.Debug|Any CPU.Build.0 = Debug|Any CPU
		{50136A8E-AD9E-4667-84B2-180678E2509A}.Release|Any CPU.ActiveCfg = Release|Any CPU
		{50136A8E-AD9E-4667-84B2-180678E2509A}.Release|Any CPU.Build.0 = Release|Any CPU
	EndGlobalSection
	GlobalSection(SolutionProperties) = preSolution
		HideSolutionNode = FALSE
	EndGlobalSection
	GlobalSection(ExtensibilityGlobals) = postSolution
		SolutionGuid = {F828997C-8B34-4E70-B43C-DA6296FF67E7}
	EndGlobalSection
EndGlobal
